
Microsoft Visual Studio Solution File, Format Version 12.00
# Visual Studio Version 16
VisualStudioVersion = 16.0.29306.81
MinimumVisualStudioVersion = 10.0.40219.1
Project("{FAE04EC0-301F-11D3-BF4B-00C04F79EFBC}") = "FF8", "FF8\FF8.csproj", "{8284ECFD-A71B-4D6A-B562-03C018954F23}"
EndProject
Global
	GlobalSection(SolutionConfigurationPlatforms) = preSolution
		Debug|Any CPU = Debug|Any CPU
		Release|Any CPU = Release|Any CPU
	EndGlobalSection
	GlobalSection(ProjectConfigurationPlatforms) = postSolution
		{8284ECFD-A71B-4D6A-B562-03C018954F23}.Debug|Any CPU.ActiveCfg = Debug|Any CPU
		{8284ECFD-A71B-4D6A-B562-03C018954F23}.Debug|Any CPU.Build.0 = Debug|Any CPU
		{8284ECFD-A71B-4D6A-B562-03C018954F23}.Release|Any CPU.ActiveCfg = Release|Any CPU
		{8284ECFD-A71B-4D6A-B562-03C018954F23}.Release|Any CPU.Build.0 = Release|Any CPU
	EndGlobalSection
	GlobalSection(SolutionProperties) = preSolution
		HideSolutionNode = FALSE
	EndGlobalSection
	GlobalSection(ExtensibilityGlobals) = postSolution
		SolutionGuid = {B45A93F3-4C2E-4844-ABFC-12233A1BF324}
	EndGlobalSection
EndGlobal
